
Microsoft Visual Studio Solution File, Format Version 12.00
# Visual Studio 15
VisualStudioVersion = 15.0.26206.0
MinimumVisualStudioVersion = 10.0.40219.1
Project("{2150E333-8FDC-42A3-9474-1A3956D46DE8}") = "src", "src", "{BD1946CE-5544-4F28-A04A-9C3D51113E1A}"
EndProject
Project("{2150E333-8FDC-42A3-9474-1A3956D46DE8}") = "Solution Items", "Solution Items", "{4A4623E9-CE1F-4DF2-A4C2-513CE8377D2A}"
	ProjectSection(SolutionItems) = preProject
		src\NuGet.Core\global.json = src\NuGet.Core\global.json
		src\NuGet.Core\NuGet.Config = src\NuGet.Core\NuGet.Config
	EndProjectSection
EndProject
Project("{2150E333-8FDC-42A3-9474-1A3956D46DE8}") = "test", "test", "{7323F93B-D141-4001-BB9E-7AF14031143E}"
EndProject
Project("{2150E333-8FDC-42A3-9474-1A3956D46DE8}") = "funcTest", "funcTest", "{BB63CACA-866F-454F-BA4C-78B788D032BB}"
EndProject
Project("{2150E333-8FDC-42A3-9474-1A3956D46DE8}") = "Shared", "Shared", "{DE23D071-162F-47A3-BC68-42E4A354835C}"
	ProjectSection(SolutionItems) = preProject
		Shared\CommonAssemblyInfo.cs = Shared\CommonAssemblyInfo.cs
		Shared\EqualityUtility.cs = Shared\EqualityUtility.cs
		Shared\HashCodeCombiner.cs = Shared\HashCodeCombiner.cs
		Shared\TypeExtensions.cs = Shared\TypeExtensions.cs
		Shared\TypeInfo.cs = Shared\TypeInfo.cs
	EndProjectSection
EndProject
Project("{9A19103F-16F7-4668-BE54-9A1E7A4F7556}") = "NuGet.Configuration.Test", "test\NuGet.Core.Tests\NuGet.Configuration.Test\NuGet.Configuration.Test.csproj", "{6CF165D4-F9CE-4D7E-A0C4-96F477467B44}"
EndProject
Project("{9A19103F-16F7-4668-BE54-9A1E7A4F7556}") = "NuGet.Frameworks.Test", "test\NuGet.Core.Tests\NuGet.Frameworks.Test\NuGet.Frameworks.Test.csproj", "{A8EFD7D2-3925-4CB2-9675-3D312FDD66A3}"
EndProject
Project("{9A19103F-16F7-4668-BE54-9A1E7A4F7556}") = "NuGet.Packaging.Core.Test", "test\NuGet.Core.Tests\NuGet.Packaging.Core.Test\NuGet.Packaging.Core.Test.csproj", "{5F949D76-9D82-4A4B-9B08-26AA24CC459A}"
EndProject
Project("{9A19103F-16F7-4668-BE54-9A1E7A4F7556}") = "NuGet.Packaging.Test", "test\NuGet.Core.Tests\NuGet.Packaging.Test\NuGet.Packaging.Test.csproj", "{1B3DF3C9-40AE-4E81-9CB5-A553064166BE}"
EndProject
Project("{9A19103F-16F7-4668-BE54-9A1E7A4F7556}") = "NuGet.Protocol.Core.v3.Tests", "test\NuGet.Core.Tests\NuGet.Protocol.Core.v3.Tests\NuGet.Protocol.Core.v3.Tests.csproj", "{61410428-A76E-4EAF-9CF6-7BE7DBF6A374}"
EndProject
Project("{9A19103F-16F7-4668-BE54-9A1E7A4F7556}") = "NuGet.Resolver.Test", "test\NuGet.Core.Tests\NuGet.Resolver.Test\NuGet.Resolver.Test.csproj", "{D441D68A-85F1-404C-B665-EB3BE3D436BA}"
EndProject
Project("{9A19103F-16F7-4668-BE54-9A1E7A4F7556}") = "NuGet.RuntimeModel.Test", "test\NuGet.Core.Tests\NuGet.RuntimeModel.Test\NuGet.RuntimeModel.Test.csproj", "{12E6128C-2AB3-4AF9-A00A-D56D09BF24E9}"
EndProject
Project("{9A19103F-16F7-4668-BE54-9A1E7A4F7556}") = "NuGet.Versioning.Test", "test\NuGet.Core.Tests\NuGet.Versioning.Test\NuGet.Versioning.Test.csproj", "{3710B3C4-E33C-4C13-B7D6-5664F71EFD19}"
EndProject
Project("{9A19103F-16F7-4668-BE54-9A1E7A4F7556}") = "NuGet.DependencyResolver.Core.Tests", "test\NuGet.Core.Tests\NuGet.DependencyResolver.Core.Tests\NuGet.DependencyResolver.Core.Tests.csproj", "{AD489758-39EE-43D6-B4B0-F94F2E465044}"
EndProject
Project("{9A19103F-16F7-4668-BE54-9A1E7A4F7556}") = "NuGet.Commands.Test", "test\NuGet.Core.Tests\NuGet.Commands.Test\NuGet.Commands.Test.csproj", "{300EF061-69F9-46D5-9CDE-CA39F2817F69}"
EndProject
Project("{9A19103F-16F7-4668-BE54-9A1E7A4F7556}") = "NuGet.Protocol.VisualStudio.Tests", "test\NuGet.Core.Tests\NuGet.Protocol.VisualStudio.Tests\NuGet.Protocol.VisualStudio.Tests.csproj", "{A54DC1BE-D82A-48C6-B9B0-55582B16DFC3}"
EndProject
Project("{9A19103F-16F7-4668-BE54-9A1E7A4F7556}") = "NuGet.ProjectModel.Test", "test\NuGet.Core.Tests\NuGet.ProjectModel.Test\NuGet.ProjectModel.Test.csproj", "{BA7A4229-F702-491A-A572-3F8F4FA0A5A4}"
EndProject
Project("{9A19103F-16F7-4668-BE54-9A1E7A4F7556}") = "NuGet.PackageManagement.Test", "test\NuGet.Core.Tests\NuGet.PackageManagement.Test\NuGet.PackageManagement.Test.csproj", "{118222E0-C4A0-4141-9637-5D9EFE79D7C4}"
EndProject
Project("{9A19103F-16F7-4668-BE54-9A1E7A4F7556}") = "NuGet.ProjectManagement.Test", "test\NuGet.Core.Tests\NuGet.ProjectManagement.Test\NuGet.ProjectManagement.Test.csproj", "{22FAED52-0AD6-493B-8091-6404EF3B255B}"
EndProject
Project("{9A19103F-16F7-4668-BE54-9A1E7A4F7556}") = "NuGet.Client.Test", "test\NuGet.Core.Tests\NuGet.Client.Test\NuGet.Client.Test.csproj", "{9DE7F262-F1AC-48F1-A446-0E1ED9938748}"
EndProject
Project("{9A19103F-16F7-4668-BE54-9A1E7A4F7556}") = "NuGet.Synchronization.Test", "test\NuGet.Core.Tests\NuGet.Synchronization.Test\NuGet.Synchronization.Test.csproj", "{9CF4E081-EEB2-4E83-9762-7BC79B55FF4D}"
EndProject
Project("{9A19103F-16F7-4668-BE54-9A1E7A4F7556}") = "NuGet.Common.Test", "test\NuGet.Core.Tests\NuGet.Common.Test\NuGet.Common.Test.csproj", "{7FACD9D7-F70D-41C4-BE61-2753E018057D}"
EndProject
Project("{9A19103F-16F7-4668-BE54-9A1E7A4F7556}") = "NuGet.LibraryModel.Tests", "test\NuGet.Core.Tests\NuGet.LibraryModel.Tests\NuGet.LibraryModel.Tests.csproj", "{D8E35E61-07AE-41D2-BB40-F3BDD8770A92}"
EndProject
Project("{9A19103F-16F7-4668-BE54-9A1E7A4F7556}") = "NuGet.Commands.FuncTest", "test\NuGet.Core.FuncTests\NuGet.Commands.FuncTest\NuGet.Commands.FuncTest.csproj", "{63C0BFF6-508D-4E5F-BBBC-A636D1398C6B}"
EndProject
Project("{9A19103F-16F7-4668-BE54-9A1E7A4F7556}") = "NuGet.Protocol.FuncTest", "test\NuGet.Core.FuncTests\NuGet.Protocol.FuncTest\NuGet.Protocol.FuncTest.csproj", "{1A94F70B-1AB6-4638-931A-4AB0EBEF7EC1}"
EndProject
Project("{9A19103F-16F7-4668-BE54-9A1E7A4F7556}") = "NuGet.Indexing.Test", "test\NuGet.Core.Tests\NuGet.Indexing.Test\NuGet.Indexing.Test.csproj", "{626E0086-1375-4ABE-A0F8-412786D315FA}"
EndProject
Project("{9A19103F-16F7-4668-BE54-9A1E7A4F7556}") = "NuGet.XPlat.FuncTest", "test\NuGet.Core.FuncTests\NuGet.XPlat.FuncTest\NuGet.XPlat.FuncTest.csproj", "{2034C981-C938-4F0F-8F3B-528B83CB8F7D}"
EndProject
Project("{9A19103F-16F7-4668-BE54-9A1E7A4F7556}") = "NuGet.Repositories.Test", "test\NuGet.Core.Tests\NuGet.Repositories.Test\NuGet.Repositories.Test.csproj", "{93D1D30C-45F8-4DCE-8EAD-7C7C504713B6}"
EndProject
Project("{9A19103F-16F7-4668-BE54-9A1E7A4F7556}") = "NuGet.Commands.Test.Utility", "test\NuGet.Core.Tests\NuGet.Commands.Test.Utility\NuGet.Commands.Test.Utility.csproj", "{975924FA-3B4F-46AD-AA3B-F7C066D3955C}"
EndProject
Project("{9A19103F-16F7-4668-BE54-9A1E7A4F7556}") = "NuGet.DependencyResolver.Core.Tests.Utility", "test\NuGet.Core.Tests\NuGet.DependencyResolver.Core.Tests.Utility\NuGet.DependencyResolver.Core.Tests.Utility.csproj", "{23C35C81-55E5-4E21-9E67-CCDEE901072B}"
EndProject
Project("{9A19103F-16F7-4668-BE54-9A1E7A4F7556}") = "NuGet.Build.Tasks.Pack.Test", "test\NuGet.Core.Tests\NuGet.Build.Tasks.Pack.Test\NuGet.Build.Tasks.Pack.Test.csproj", "{8BF8279D-196F-481A-9659-488864D93D2D}"
EndProject
Project("{9A19103F-16F7-4668-BE54-9A1E7A4F7556}") = "Dotnet.Integration.Test", "test\NuGet.Core.FuncTests\Dotnet.Integration.Test\Dotnet.Integration.Test.csproj", "{AFC86608-9F7C-4474-9D26-186905C33E4E}"
EndProject
Global
	GlobalSection(SolutionConfigurationPlatforms) = preSolution
		Debug|Any CPU = Debug|Any CPU
		Release|Any CPU = Release|Any CPU
	EndGlobalSection
	GlobalSection(ProjectConfigurationPlatforms) = postSolution
		{6CF165D4-F9CE-4D7E-A0C4-96F477467B44}.Debug|Any CPU.ActiveCfg = Debug|Any CPU
		{6CF165D4-F9CE-4D7E-A0C4-96F477467B44}.Debug|Any CPU.Build.0 = Debug|Any CPU
		{6CF165D4-F9CE-4D7E-A0C4-96F477467B44}.Release|Any CPU.ActiveCfg = Release|Any CPU
		{6CF165D4-F9CE-4D7E-A0C4-96F477467B44}.Release|Any CPU.Build.0 = Release|Any CPU
		{A8EFD7D2-3925-4CB2-9675-3D312FDD66A3}.Debug|Any CPU.ActiveCfg = Debug|Any CPU
		{A8EFD7D2-3925-4CB2-9675-3D312FDD66A3}.Debug|Any CPU.Build.0 = Debug|Any CPU
		{A8EFD7D2-3925-4CB2-9675-3D312FDD66A3}.Release|Any CPU.ActiveCfg = Release|Any CPU
		{A8EFD7D2-3925-4CB2-9675-3D312FDD66A3}.Release|Any CPU.Build.0 = Release|Any CPU
		{5F949D76-9D82-4A4B-9B08-26AA24CC459A}.Debug|Any CPU.ActiveCfg = Debug|Any CPU
		{5F949D76-9D82-4A4B-9B08-26AA24CC459A}.Debug|Any CPU.Build.0 = Debug|Any CPU
		{5F949D76-9D82-4A4B-9B08-26AA24CC459A}.Release|Any CPU.ActiveCfg = Release|Any CPU
		{5F949D76-9D82-4A4B-9B08-26AA24CC459A}.Release|Any CPU.Build.0 = Release|Any CPU
		{1B3DF3C9-40AE-4E81-9CB5-A553064166BE}.Debug|Any CPU.ActiveCfg = Debug|Any CPU
		{1B3DF3C9-40AE-4E81-9CB5-A553064166BE}.Debug|Any CPU.Build.0 = Debug|Any CPU
		{1B3DF3C9-40AE-4E81-9CB5-A553064166BE}.Release|Any CPU.ActiveCfg = Release|Any CPU
		{1B3DF3C9-40AE-4E81-9CB5-A553064166BE}.Release|Any CPU.Build.0 = Release|Any CPU
		{61410428-A76E-4EAF-9CF6-7BE7DBF6A374}.Debug|Any CPU.ActiveCfg = Debug|Any CPU
		{61410428-A76E-4EAF-9CF6-7BE7DBF6A374}.Debug|Any CPU.Build.0 = Debug|Any CPU
		{61410428-A76E-4EAF-9CF6-7BE7DBF6A374}.Release|Any CPU.ActiveCfg = Release|Any CPU
		{61410428-A76E-4EAF-9CF6-7BE7DBF6A374}.Release|Any CPU.Build.0 = Release|Any CPU
		{D441D68A-85F1-404C-B665-EB3BE3D436BA}.Debug|Any CPU.ActiveCfg = Debug|Any CPU
		{D441D68A-85F1-404C-B665-EB3BE3D436BA}.Debug|Any CPU.Build.0 = Debug|Any CPU
		{D441D68A-85F1-404C-B665-EB3BE3D436BA}.Release|Any CPU.ActiveCfg = Release|Any CPU
		{D441D68A-85F1-404C-B665-EB3BE3D436BA}.Release|Any CPU.Build.0 = Release|Any CPU
		{12E6128C-2AB3-4AF9-A00A-D56D09BF24E9}.Debug|Any CPU.ActiveCfg = Debug|Any CPU
		{12E6128C-2AB3-4AF9-A00A-D56D09BF24E9}.Debug|Any CPU.Build.0 = Debug|Any CPU
		{12E6128C-2AB3-4AF9-A00A-D56D09BF24E9}.Release|Any CPU.ActiveCfg = Release|Any CPU
		{12E6128C-2AB3-4AF9-A00A-D56D09BF24E9}.Release|Any CPU.Build.0 = Release|Any CPU
		{3710B3C4-E33C-4C13-B7D6-5664F71EFD19}.Debug|Any CPU.ActiveCfg = Debug|Any CPU
		{3710B3C4-E33C-4C13-B7D6-5664F71EFD19}.Debug|Any CPU.Build.0 = Debug|Any CPU
		{3710B3C4-E33C-4C13-B7D6-5664F71EFD19}.Release|Any CPU.ActiveCfg = Release|Any CPU
		{3710B3C4-E33C-4C13-B7D6-5664F71EFD19}.Release|Any CPU.Build.0 = Release|Any CPU
		{AD489758-39EE-43D6-B4B0-F94F2E465044}.Debug|Any CPU.ActiveCfg = Debug|Any CPU
		{AD489758-39EE-43D6-B4B0-F94F2E465044}.Debug|Any CPU.Build.0 = Debug|Any CPU
		{AD489758-39EE-43D6-B4B0-F94F2E465044}.Release|Any CPU.ActiveCfg = Release|Any CPU
		{AD489758-39EE-43D6-B4B0-F94F2E465044}.Release|Any CPU.Build.0 = Release|Any CPU
		{300EF061-69F9-46D5-9CDE-CA39F2817F69}.Debug|Any CPU.ActiveCfg = Debug|Any CPU
		{300EF061-69F9-46D5-9CDE-CA39F2817F69}.Debug|Any CPU.Build.0 = Debug|Any CPU
		{300EF061-69F9-46D5-9CDE-CA39F2817F69}.Release|Any CPU.ActiveCfg = Release|Any CPU
		{300EF061-69F9-46D5-9CDE-CA39F2817F69}.Release|Any CPU.Build.0 = Release|Any CPU
		{A54DC1BE-D82A-48C6-B9B0-55582B16DFC3}.Debug|Any CPU.ActiveCfg = Debug|Any CPU
		{A54DC1BE-D82A-48C6-B9B0-55582B16DFC3}.Debug|Any CPU.Build.0 = Debug|Any CPU
		{A54DC1BE-D82A-48C6-B9B0-55582B16DFC3}.Release|Any CPU.ActiveCfg = Release|Any CPU
		{A54DC1BE-D82A-48C6-B9B0-55582B16DFC3}.Release|Any CPU.Build.0 = Release|Any CPU
		{BA7A4229-F702-491A-A572-3F8F4FA0A5A4}.Debug|Any CPU.ActiveCfg = Debug|Any CPU
		{BA7A4229-F702-491A-A572-3F8F4FA0A5A4}.Debug|Any CPU.Build.0 = Debug|Any CPU
		{BA7A4229-F702-491A-A572-3F8F4FA0A5A4}.Release|Any CPU.ActiveCfg = Release|Any CPU
		{BA7A4229-F702-491A-A572-3F8F4FA0A5A4}.Release|Any CPU.Build.0 = Release|Any CPU
		{118222E0-C4A0-4141-9637-5D9EFE79D7C4}.Debug|Any CPU.ActiveCfg = Debug|Any CPU
		{118222E0-C4A0-4141-9637-5D9EFE79D7C4}.Debug|Any CPU.Build.0 = Debug|Any CPU
		{118222E0-C4A0-4141-9637-5D9EFE79D7C4}.Release|Any CPU.ActiveCfg = Release|Any CPU
		{118222E0-C4A0-4141-9637-5D9EFE79D7C4}.Release|Any CPU.Build.0 = Release|Any CPU
		{22FAED52-0AD6-493B-8091-6404EF3B255B}.Debug|Any CPU.ActiveCfg = Debug|Any CPU
		{22FAED52-0AD6-493B-8091-6404EF3B255B}.Debug|Any CPU.Build.0 = Debug|Any CPU
		{22FAED52-0AD6-493B-8091-6404EF3B255B}.Release|Any CPU.ActiveCfg = Release|Any CPU
		{22FAED52-0AD6-493B-8091-6404EF3B255B}.Release|Any CPU.Build.0 = Release|Any CPU
		{9DE7F262-F1AC-48F1-A446-0E1ED9938748}.Debug|Any CPU.ActiveCfg = Debug|Any CPU
		{9DE7F262-F1AC-48F1-A446-0E1ED9938748}.Debug|Any CPU.Build.0 = Debug|Any CPU
		{9DE7F262-F1AC-48F1-A446-0E1ED9938748}.Release|Any CPU.ActiveCfg = Release|Any CPU
		{9DE7F262-F1AC-48F1-A446-0E1ED9938748}.Release|Any CPU.Build.0 = Release|Any CPU
		{9CF4E081-EEB2-4E83-9762-7BC79B55FF4D}.Debug|Any CPU.ActiveCfg = Debug|Any CPU
		{9CF4E081-EEB2-4E83-9762-7BC79B55FF4D}.Debug|Any CPU.Build.0 = Debug|Any CPU
		{9CF4E081-EEB2-4E83-9762-7BC79B55FF4D}.Release|Any CPU.ActiveCfg = Release|Any CPU
		{9CF4E081-EEB2-4E83-9762-7BC79B55FF4D}.Release|Any CPU.Build.0 = Release|Any CPU
		{7FACD9D7-F70D-41C4-BE61-2753E018057D}.Debug|Any CPU.ActiveCfg = Debug|Any CPU
		{7FACD9D7-F70D-41C4-BE61-2753E018057D}.Debug|Any CPU.Build.0 = Debug|Any CPU
		{7FACD9D7-F70D-41C4-BE61-2753E018057D}.Release|Any CPU.ActiveCfg = Release|Any CPU
		{7FACD9D7-F70D-41C4-BE61-2753E018057D}.Release|Any CPU.Build.0 = Release|Any CPU
		{D8E35E61-07AE-41D2-BB40-F3BDD8770A92}.Debug|Any CPU.ActiveCfg = Debug|Any CPU
		{D8E35E61-07AE-41D2-BB40-F3BDD8770A92}.Debug|Any CPU.Build.0 = Debug|Any CPU
		{D8E35E61-07AE-41D2-BB40-F3BDD8770A92}.Release|Any CPU.ActiveCfg = Release|Any CPU
		{D8E35E61-07AE-41D2-BB40-F3BDD8770A92}.Release|Any CPU.Build.0 = Release|Any CPU
		{63C0BFF6-508D-4E5F-BBBC-A636D1398C6B}.Debug|Any CPU.ActiveCfg = Debug|Any CPU
		{63C0BFF6-508D-4E5F-BBBC-A636D1398C6B}.Debug|Any CPU.Build.0 = Debug|Any CPU
		{63C0BFF6-508D-4E5F-BBBC-A636D1398C6B}.Release|Any CPU.ActiveCfg = Release|Any CPU
		{63C0BFF6-508D-4E5F-BBBC-A636D1398C6B}.Release|Any CPU.Build.0 = Release|Any CPU
		{1A94F70B-1AB6-4638-931A-4AB0EBEF7EC1}.Debug|Any CPU.ActiveCfg = Debug|Any CPU
		{1A94F70B-1AB6-4638-931A-4AB0EBEF7EC1}.Debug|Any CPU.Build.0 = Debug|Any CPU
		{1A94F70B-1AB6-4638-931A-4AB0EBEF7EC1}.Release|Any CPU.ActiveCfg = Release|Any CPU
		{1A94F70B-1AB6-4638-931A-4AB0EBEF7EC1}.Release|Any CPU.Build.0 = Release|Any CPU
		{626E0086-1375-4ABE-A0F8-412786D315FA}.Debug|Any CPU.ActiveCfg = Debug|Any CPU
		{626E0086-1375-4ABE-A0F8-412786D315FA}.Debug|Any CPU.Build.0 = Debug|Any CPU
		{626E0086-1375-4ABE-A0F8-412786D315FA}.Release|Any CPU.ActiveCfg = Release|Any CPU
		{626E0086-1375-4ABE-A0F8-412786D315FA}.Release|Any CPU.Build.0 = Release|Any CPU
		{2034C981-C938-4F0F-8F3B-528B83CB8F7D}.Debug|Any CPU.ActiveCfg = Debug|Any CPU
		{2034C981-C938-4F0F-8F3B-528B83CB8F7D}.Debug|Any CPU.Build.0 = Debug|Any CPU
		{2034C981-C938-4F0F-8F3B-528B83CB8F7D}.Release|Any CPU.ActiveCfg = Release|Any CPU
		{2034C981-C938-4F0F-8F3B-528B83CB8F7D}.Release|Any CPU.Build.0 = Release|Any CPU
		{93D1D30C-45F8-4DCE-8EAD-7C7C504713B6}.Debug|Any CPU.ActiveCfg = Debug|Any CPU
		{93D1D30C-45F8-4DCE-8EAD-7C7C504713B6}.Debug|Any CPU.Build.0 = Debug|Any CPU
		{93D1D30C-45F8-4DCE-8EAD-7C7C504713B6}.Release|Any CPU.ActiveCfg = Release|Any CPU
		{93D1D30C-45F8-4DCE-8EAD-7C7C504713B6}.Release|Any CPU.Build.0 = Release|Any CPU
		{975924FA-3B4F-46AD-AA3B-F7C066D3955C}.Debug|Any CPU.ActiveCfg = Debug|Any CPU
		{975924FA-3B4F-46AD-AA3B-F7C066D3955C}.Debug|Any CPU.Build.0 = Debug|Any CPU
		{975924FA-3B4F-46AD-AA3B-F7C066D3955C}.Release|Any CPU.ActiveCfg = Release|Any CPU
		{975924FA-3B4F-46AD-AA3B-F7C066D3955C}.Release|Any CPU.Build.0 = Release|Any CPU
		{23C35C81-55E5-4E21-9E67-CCDEE901072B}.Debug|Any CPU.ActiveCfg = Debug|Any CPU
		{23C35C81-55E5-4E21-9E67-CCDEE901072B}.Debug|Any CPU.Build.0 = Debug|Any CPU
		{23C35C81-55E5-4E21-9E67-CCDEE901072B}.Release|Any CPU.ActiveCfg = Release|Any CPU
		{23C35C81-55E5-4E21-9E67-CCDEE901072B}.Release|Any CPU.Build.0 = Release|Any CPU
		{8BF8279D-196F-481A-9659-488864D93D2D}.Debug|Any CPU.ActiveCfg = Debug|Any CPU
		{8BF8279D-196F-481A-9659-488864D93D2D}.Debug|Any CPU.Build.0 = Debug|Any CPU
		{8BF8279D-196F-481A-9659-488864D93D2D}.Release|Any CPU.ActiveCfg = Release|Any CPU
		{8BF8279D-196F-481A-9659-488864D93D2D}.Release|Any CPU.Build.0 = Release|Any CPU
		{AFC86608-9F7C-4474-9D26-186905C33E4E}.Debug|Any CPU.ActiveCfg = Debug|Any CPU
		{AFC86608-9F7C-4474-9D26-186905C33E4E}.Debug|Any CPU.Build.0 = Debug|Any CPU
		{AFC86608-9F7C-4474-9D26-186905C33E4E}.Release|Any CPU.ActiveCfg = Release|Any CPU
		{AFC86608-9F7C-4474-9D26-186905C33E4E}.Release|Any CPU.Build.0 = Release|Any CPU
	EndGlobalSection
	GlobalSection(SolutionProperties) = preSolution
		HideSolutionNode = FALSE
	EndGlobalSection
	GlobalSection(NestedProjects) = preSolution
		{6CF165D4-F9CE-4D7E-A0C4-96F477467B44} = {7323F93B-D141-4001-BB9E-7AF14031143E}
		{A8EFD7D2-3925-4CB2-9675-3D312FDD66A3} = {7323F93B-D141-4001-BB9E-7AF14031143E}
		{5F949D76-9D82-4A4B-9B08-26AA24CC459A} = {7323F93B-D141-4001-BB9E-7AF14031143E}
		{1B3DF3C9-40AE-4E81-9CB5-A553064166BE} = {7323F93B-D141-4001-BB9E-7AF14031143E}
		{61410428-A76E-4EAF-9CF6-7BE7DBF6A374} = {7323F93B-D141-4001-BB9E-7AF14031143E}
		{D441D68A-85F1-404C-B665-EB3BE3D436BA} = {7323F93B-D141-4001-BB9E-7AF14031143E}
		{12E6128C-2AB3-4AF9-A00A-D56D09BF24E9} = {7323F93B-D141-4001-BB9E-7AF14031143E}
		{3710B3C4-E33C-4C13-B7D6-5664F71EFD19} = {7323F93B-D141-4001-BB9E-7AF14031143E}
		{AD489758-39EE-43D6-B4B0-F94F2E465044} = {7323F93B-D141-4001-BB9E-7AF14031143E}
		{300EF061-69F9-46D5-9CDE-CA39F2817F69} = {7323F93B-D141-4001-BB9E-7AF14031143E}
		{A54DC1BE-D82A-48C6-B9B0-55582B16DFC3} = {7323F93B-D141-4001-BB9E-7AF14031143E}
		{BA7A4229-F702-491A-A572-3F8F4FA0A5A4} = {7323F93B-D141-4001-BB9E-7AF14031143E}
		{118222E0-C4A0-4141-9637-5D9EFE79D7C4} = {7323F93B-D141-4001-BB9E-7AF14031143E}
		{22FAED52-0AD6-493B-8091-6404EF3B255B} = {7323F93B-D141-4001-BB9E-7AF14031143E}
		{9DE7F262-F1AC-48F1-A446-0E1ED9938748} = {7323F93B-D141-4001-BB9E-7AF14031143E}
		{9CF4E081-EEB2-4E83-9762-7BC79B55FF4D} = {7323F93B-D141-4001-BB9E-7AF14031143E}
		{7FACD9D7-F70D-41C4-BE61-2753E018057D} = {7323F93B-D141-4001-BB9E-7AF14031143E}
		{D8E35E61-07AE-41D2-BB40-F3BDD8770A92} = {7323F93B-D141-4001-BB9E-7AF14031143E}
		{63C0BFF6-508D-4E5F-BBBC-A636D1398C6B} = {BB63CACA-866F-454F-BA4C-78B788D032BB}
		{1A94F70B-1AB6-4638-931A-4AB0EBEF7EC1} = {BB63CACA-866F-454F-BA4C-78B788D032BB}
		{626E0086-1375-4ABE-A0F8-412786D315FA} = {7323F93B-D141-4001-BB9E-7AF14031143E}
		{2034C981-C938-4F0F-8F3B-528B83CB8F7D} = {BB63CACA-866F-454F-BA4C-78B788D032BB}
		{93D1D30C-45F8-4DCE-8EAD-7C7C504713B6} = {7323F93B-D141-4001-BB9E-7AF14031143E}
		{975924FA-3B4F-46AD-AA3B-F7C066D3955C} = {7323F93B-D141-4001-BB9E-7AF14031143E}
		{23C35C81-55E5-4E21-9E67-CCDEE901072B} = {7323F93B-D141-4001-BB9E-7AF14031143E}
		{8BF8279D-196F-481A-9659-488864D93D2D} = {7323F93B-D141-4001-BB9E-7AF14031143E}
		{AFC86608-9F7C-4474-9D26-186905C33E4E} = {BB63CACA-866F-454F-BA4C-78B788D032BB}
	EndGlobalSection
EndGlobal
